Microsoft Visual Studio Solution File, Format Version 12.00
# Visual Studio Version 17
VisualStudioVersion = 17.5.2.0
MinimumVisualStudioVersion = 10.0.40219.1
Project("{FAE04EC0-301F-11D3-BF4B-00C04F79EFBC}") = "QuickReserveServer", "QuickReserveServer\QuickReserveServer.csproj", "{F85212F4-EC70-D298-D61A-6B0AE8B5FB47}"
EndProject
Global
	GlobalSection(SolutionConfigurationPlatforms) = preSolution
		Debug|Any CPU = Debug|Any CPU
		Release|Any CPU = Release|Any CPU
	EndGlobalSection
	GlobalSection(ProjectConfigurationPlatforms) = postSolution
		{F85212F4-EC70-D298-D61A-6B0AE8B5FB47}.Debug|Any CPU.ActiveCfg = Debug|Any CPU
		{F85212F4-EC70-D298-D61A-6B0AE8B5FB47}.Debug|Any CPU.Build.0 = Debug|Any CPU
		{F85212F4-EC70-D298-D61A-6B0AE8B5FB47}.Release|Any CPU.ActiveCfg = Release|Any CPU
		{F85212F4-EC70-D298-D61A-6B0AE8B5FB47}.Release|Any CPU.Build.0 = Release|Any CPU
	EndGlobalSection
	GlobalSection(SolutionProperties) = preSolution
		HideSolutionNode = FALSE
	EndGlobalSection
	GlobalSection(ExtensibilityGlobals) = postSolution
		SolutionGuid = {A590E0C1-19E4-4347-8F2B-B91BC585301D}
	EndGlobalSection
EndGlobal
